{
  "pins" : [
    {
      "identity" : "razorpay-pod",
      "kind" : "remoteSourceControl",
      "location" : "https://github.com/razorpay/razorpay-pod.git",
      "state" : {
        "revision" : "45950a6a8f3660a0d9093838fcbbdff9b20335ab",
        "version" : "1.5.3"
      }
    }
  ],
  "version" : 2
}
